// !$*UTF8*$!
{
	archiveVersion = 1;
	classes = {
	};
	objectVersion = 46;
	objects = {

/* Begin PBXFileReference section */
		2E8D83AC1C4457D3007A7F70 /* SWAcapellaMediaItemPreviewViewController.xm */ = {isa = PBXFileReference; explicitFileType = sourcecode.cpp.objcpp; path = SWAcapellaMediaItemPreviewViewController.xm; sourceTree = "<group>"; };
		2EBB75811BE97C5A00A3A82D /* layout */ = {isa = PBXFileReference; lastKnownFileType = folder; path = layout; sourceTree = "<group>"; };
		2EBB75821BE97C5A00A3A82D /* public */ = {isa = PBXFileReference; lastKnownFileType = folder; path = public; sourceTree = "<group>"; };
		2EBB75881BE97C5A00A3A82D /* SWAcapella.m */ = {isa = PBXFileReference; explicitFileType = sourcecode.cpp.objcpp; path = SWAcapella.m; sourceTree = "<group>"; };
		2EBB75891BE97C5A00A3A82D /* SWAcapellaTitlesClone.m */ = {isa = PBXFileReference; explicitFileType = sourcecode.cpp.objcpp; path = SWAcapellaTitlesClone.m; sourceTree = "<group>"; };
		2EBB758A1BE97C5A00A3A82D /* SWAcapellaTitlesCloneContainer.m */ = {isa = PBXFileReference; explicitFileType = sourcecode.cpp.objcpp; path = SWAcapellaTitlesCloneContainer.m; sourceTree = "<group>"; };
		2EBB758B1BE97C5A00A3A82D /* Makefile */ = {isa = PBXFileReference; lastKnownFileType = sourcecode.make; path = Makefile; sourceTree = "<group>"; };
		2EBB758C1BE97C5A00A3A82D /* MPUMediaControlsTitlesView.xm */ = {isa = PBXFileReference; explicitFileType = sourcecode.cpp.objcpp; path = MPUMediaControlsTitlesView.xm; sourceTree = "<group>"; };
		2EBB758D1BE97C5A00A3A82D /* MPUSystemMediaControlsViewController.xm */ = {isa = PBXFileReference; explicitFileType = sourcecode.cpp.objcpp; path = MPUSystemMediaControlsViewController.xm; sourceTree = "<group>"; };
		2EBB758E1BE97C5A00A3A82D /* MPUTransportControlsView.xm */ = {isa = PBXFileReference; explicitFileType = sourcecode.cpp.objcpp; path = MPUTransportControlsView.xm; sourceTree = "<group>"; };
		2EBB758F1BE97C5A00A3A82D /* MPVolumeController.xm */ = {isa = PBXFileReference; explicitFileType = sourcecode.cpp.objcpp; path = MPVolumeController.xm; sourceTree = "<group>"; };
		2EBB75901BE97C5A00A3A82D /* MusicMiniPlayerViewController.xm */ = {isa = PBXFileReference; explicitFileType = sourcecode.cpp.objcpp; path = MusicMiniPlayerViewController.xm; sourceTree = "<group>"; };
		2EBB75911BE97C5A00A3A82D /* MusicNowPlayingTitlesView.xm */ = {isa = PBXFileReference; explicitFileType = sourcecode.cpp.objcpp; path = MusicNowPlayingTitlesView.xm; sourceTree = "<group>"; };
		2EBB75921BE97C5A00A3A82D /* MusicNowPlayingViewController.xm */ = {isa = PBXFileReference; explicitFileType = sourcecode.cpp.objcpp; path = MusicNowPlayingViewController.xm; sourceTree = "<group>"; };
		2EBB75941BE97C5A00A3A82D /* SBLockScreenHintManager.xm */ = {isa = PBXFileReference; explicitFileType = sourcecode.cpp.objcpp; path = SBLockScreenHintManager.xm; sourceTree = "<group>"; };
		2EF29A751C3C65BD001032FE /* SWAcapellaPrefs.xm */ = {isa = PBXFileReference; explicitFileType = sourcecode.cpp.objcpp; path = SWAcapellaPrefs.xm; sourceTree = "<group>"; };
/* End PBXFileReference section */

/* Begin PBXGroup section */
		2EBB756F1BE97BB900A3A82D = {
			isa = PBXGroup;
			children = (
				2EBB75811BE97C5A00A3A82D /* layout */,
				2EBB75821BE97C5A00A3A82D /* public */,
				2EBB758B1BE97C5A00A3A82D /* Makefile */,
				2EBB758C1BE97C5A00A3A82D /* MPUMediaControlsTitlesView.xm */,
				2EBB758D1BE97C5A00A3A82D /* MPUSystemMediaControlsViewController.xm */,
				2EBB758E1BE97C5A00A3A82D /* MPUTransportControlsView.xm */,
				2EBB758F1BE97C5A00A3A82D /* MPVolumeController.xm */,
				2EBB75901BE97C5A00A3A82D /* MusicMiniPlayerViewController.xm */,
				2EBB75911BE97C5A00A3A82D /* MusicNowPlayingTitlesView.xm */,
				2EBB75921BE97C5A00A3A82D /* MusicNowPlayingViewController.xm */,
				2EBB75941BE97C5A00A3A82D /* SBLockScreenHintManager.xm */,
				2EBB75881BE97C5A00A3A82D /* SWAcapella.m */,
				2E8D83AC1C4457D3007A7F70 /* SWAcapellaMediaItemPreviewViewController.xm */,
				2EF29A751C3C65BD001032FE /* SWAcapellaPrefs.xm */,
				2EBB75891BE97C5A00A3A82D /* SWAcapellaTitlesClone.m */,
				2EBB758A1BE97C5A00A3A82D /* SWAcapellaTitlesCloneContainer.m */,
			);
			sourceTree = "<group>";
		};
/* End PBXGroup section */

/* Begin PBXProject section */
		2EBB75701BE97BB900A3A82D /* Project object */ = {
			isa = PBXProject;
			attributes = {
				LastUpgradeCheck = 0720;
			};
			buildConfigurationList = 2EBB75731BE97BB900A3A82D /* Build configuration list for PBXProject "Acapella2" */;
			compatibilityVersion = "Xcode 3.2";
			developmentRegion = English;
			hasScannedForEncodings = 0;
			knownRegions = (
				en,
			);
			mainGroup = 2EBB756F1BE97BB900A3A82D;
			projectDirPath = "";
			projectRoot = "";
			targets = (
			);
		};
/* End PBXProject section */

/* Begin XCBuildConfiguration section */
		2EBB75741BE97BB900A3A82D /* Debug */ = {
			isa = XCBuildConfiguration;
			buildSettings = {
			};
			name = Debug;
		};
		2EBB75751BE97BB900A3A82D /* Release */ = {
			isa = XCBuildConfiguration;
			buildSettings = {
			};
			name = Release;
		};
/* End XCBuildConfiguration section */

/* Begin XCConfigurationList section */
		2EBB75731BE97BB900A3A82D /* Build configuration list for PBXProject "Acapella2" */ = {
			isa = XCConfigurationList;
			buildConfigurations = (
				2EBB75741BE97BB900A3A82D /* Debug */,
				2EBB75751BE97BB900A3A82D /* Release */,
			);
			defaultConfigurationIsVisible = 0;
			defaultConfigurationName = Release;
		};
/* End XCConfigurationList section */
	};
	rootObject = 2EBB75701BE97BB900A3A82D /* Project object */;
}
