// !$*UTF8*$!
{
	archiveVersion = 1;
	classes = {
	};
	objectVersion = 46;
	objects = {

/* Begin PBXContainerItemProxy section */
		2E28F7C41B5D76A40061AE27 /* PBXContainerItemProxy */ = {
			isa = PBXContainerItemProxy;
			containerPortal = 2E28F5FB1B5D76A30061AE27 /* AcapellaTest.xcodeproj */;
			proxyType = 2;
			remoteGlobalIDString = 2E75963619FDCCA600001BC7;
			remoteInfo = AcapellaTest;
		};
/* End PBXContainerItemProxy section */

/* Begin PBXFileReference section */
		2E0A49DA1B688B6E005FE2BF /* MPVolumeController.xm */ = {isa = PBXFileReference; lastKnownFileType = text; path = MPVolumeController.xm; sourceTree = "<group>"; };
		2E0A49E11B68B20A005FE2BF /* SBLockScreenView.xm */ = {isa = PBXFileReference; lastKnownFileType = text; path = SBLockScreenView.xm; sourceTree = "<group>"; };
		2E28F42A1B5D76A30061AE27 /* Acapella2.plist */ = {isa = PBXFileReference; lastKnownFileType = text.plist; path = Acapella2.plist; sourceTree = "<group>"; };
		2E28F5EE1B5D76A30061AE27 /* AppDelegate.h */ = {isa = PBXFileReference; lastKnownFileType = sourcecode.c.h; path = AppDelegate.h; sourceTree = "<group>"; };
		2E28F5EF1B5D76A30061AE27 /* AppDelegate.m */ = {isa = PBXFileReference; lastKnownFileType = sourcecode.c.objc; path = AppDelegate.m; sourceTree = "<group>"; };
		2E28F5F11B5D76A30061AE27 /* Base */ = {isa = PBXFileReference; lastKnownFileType = file.storyboard; name = Base; path = Base.lproj/Main.storyboard; sourceTree = "<group>"; };
		2E28F5F21B5D76A30061AE27 /* Images.xcassets */ = {isa = PBXFileReference; lastKnownFileType = folder.assetcatalog; path = Images.xcassets; sourceTree = "<group>"; };
		2E28F5F31B5D76A30061AE27 /* Info.plist */ = {isa = PBXFileReference; lastKnownFileType = text.plist.xml; path = Info.plist; sourceTree = "<group>"; };
		2E28F5F41B5D76A30061AE27 /* main.m */ = {isa = PBXFileReference; lastKnownFileType = sourcecode.c.objc; path = main.m; sourceTree = "<group>"; };
		2E28F5F51B5D76A30061AE27 /* SWAcapella.h */ = {isa = PBXFileReference; lastKnownFileType = sourcecode.c.h; path = SWAcapella.h; sourceTree = "<group>"; };
		2E28F5F61B5D76A30061AE27 /* SWAcapella.m */ = {isa = PBXFileReference; lastKnownFileType = sourcecode.c.objc; path = SWAcapella.m; sourceTree = "<group>"; };
		2E28F5F71B5D76A30061AE27 /* SWAcapellaTitlesClone.h */ = {isa = PBXFileReference; lastKnownFileType = sourcecode.c.h; path = SWAcapellaTitlesClone.h; sourceTree = "<group>"; };
		2E28F5F81B5D76A30061AE27 /* SWAcapellaTitlesClone.m */ = {isa = PBXFileReference; lastKnownFileType = sourcecode.c.objc; path = SWAcapellaTitlesClone.m; sourceTree = "<group>"; };
		2E28F5F91B5D76A30061AE27 /* ViewController.h */ = {isa = PBXFileReference; lastKnownFileType = sourcecode.c.h; path = ViewController.h; sourceTree = "<group>"; };
		2E28F5FA1B5D76A30061AE27 /* ViewController.m */ = {isa = PBXFileReference; lastKnownFileType = sourcecode.c.objc; path = ViewController.m; sourceTree = "<group>"; };
		2E28F5FB1B5D76A30061AE27 /* AcapellaTest.xcodeproj */ = {isa = PBXFileReference; lastKnownFileType = "wrapper.pb-project"; path = AcapellaTest.xcodeproj; sourceTree = "<group>"; };
		2E28F60C1B5D76A30061AE27 /* control */ = {isa = PBXFileReference; lastKnownFileType = text; path = control; sourceTree = "<group>"; };
		2E28F60D1B5D76A30061AE27 /* Makefile */ = {isa = PBXFileReference; lastKnownFileType = sourcecode.make; path = Makefile; sourceTree = "<group>"; };
		2E28F60E1B5D76A30061AE27 /* MPUMediaControlsTitlesView.xm */ = {isa = PBXFileReference; lastKnownFileType = text; path = MPUMediaControlsTitlesView.xm; sourceTree = "<group>"; };
		2E28F60F1B5D76A40061AE27 /* MPUSystemMediaControlsViewController.xm */ = {isa = PBXFileReference; lastKnownFileType = text; path = MPUSystemMediaControlsViewController.xm; sourceTree = "<group>"; };
		2E28F6101B5D76A40061AE27 /* MusicMiniPlayerViewController.xm */ = {isa = PBXFileReference; lastKnownFileType = text; path = MusicMiniPlayerViewController.xm; sourceTree = "<group>"; };
		2E28F6111B5D76A40061AE27 /* MusicNowPlayingTitlesView.xm */ = {isa = PBXFileReference; lastKnownFileType = text; path = MusicNowPlayingTitlesView.xm; sourceTree = "<group>"; };
		2E28F6121B5D76A40061AE27 /* MusicNowPlayingViewController.xm */ = {isa = PBXFileReference; lastKnownFileType = text; path = MusicNowPlayingViewController.xm; sourceTree = "<group>"; };
		2EA5D4BB1B7BC26800F9A6E4 /* MPUTransportControlsView.xm */ = {isa = PBXFileReference; lastKnownFileType = text; path = MPUTransportControlsView.xm; sourceTree = "<group>"; };
		2EAFA92C1B6A86F500036B7F /* final_release_debs */ = {isa = PBXFileReference; lastKnownFileType = folder; path = final_release_debs; sourceTree = "<group>"; };
		2ECCE01F1B670FBE00F8B253 /* SWAcapellaTitlesCloneContainer.h */ = {isa = PBXFileReference; lastKnownFileType = sourcecode.c.h; path = SWAcapellaTitlesCloneContainer.h; sourceTree = "<group>"; };
		2ECCE0201B670FBE00F8B253 /* SWAcapellaTitlesCloneContainer.m */ = {isa = PBXFileReference; lastKnownFileType = sourcecode.c.objc; path = SWAcapellaTitlesCloneContainer.m; sourceTree = "<group>"; };
		2EF59F481B759E5C00E7A0D4 /* public */ = {isa = PBXFileReference; lastKnownFileType = folder; path = public; sourceTree = "<group>"; };
/* End PBXFileReference section */

/* Begin PBXGroup section */
		2E28F4291B5D76A30061AE27 /* acapella */ = {
			isa = PBXGroup;
			children = (
				2E28F60A1B5D76A30061AE27 /* layout */,
				2EF59F481B759E5C00E7A0D4 /* public */,
				2EAFA92C1B6A86F500036B7F /* final_release_debs */,
				2E28F60D1B5D76A30061AE27 /* Makefile */,
				2E28F42A1B5D76A30061AE27 /* Acapella2.plist */,
				2E28F60E1B5D76A30061AE27 /* MPUMediaControlsTitlesView.xm */,
				2E28F60F1B5D76A40061AE27 /* MPUSystemMediaControlsViewController.xm */,
				2EA5D4BB1B7BC26800F9A6E4 /* MPUTransportControlsView.xm */,
				2E0A49DA1B688B6E005FE2BF /* MPVolumeController.xm */,
				2E28F6101B5D76A40061AE27 /* MusicMiniPlayerViewController.xm */,
				2E28F6111B5D76A40061AE27 /* MusicNowPlayingTitlesView.xm */,
				2E28F6121B5D76A40061AE27 /* MusicNowPlayingViewController.xm */,
				2E0A49E11B68B20A005FE2BF /* SBLockScreenView.xm */,
				2E28F5EC1B5D76A30061AE27 /* AcapellaTest */,
			);
			path = acapella;
			sourceTree = "<group>";
		};
		2E28F5EC1B5D76A30061AE27 /* AcapellaTest */ = {
			isa = PBXGroup;
			children = (
				2E28F5ED1B5D76A30061AE27 /* AcapellaTest */,
				2E28F5FB1B5D76A30061AE27 /* AcapellaTest.xcodeproj */,
			);
			path = AcapellaTest;
			sourceTree = "<group>";
		};
		2E28F5ED1B5D76A30061AE27 /* AcapellaTest */ = {
			isa = PBXGroup;
			children = (
				2E28F5EE1B5D76A30061AE27 /* AppDelegate.h */,
				2E28F5EF1B5D76A30061AE27 /* AppDelegate.m */,
				2E28F5F01B5D76A30061AE27 /* Main.storyboard */,
				2E28F5F21B5D76A30061AE27 /* Images.xcassets */,
				2E28F5F31B5D76A30061AE27 /* Info.plist */,
				2E28F5F41B5D76A30061AE27 /* main.m */,
				2E28F5F51B5D76A30061AE27 /* SWAcapella.h */,
				2E28F5F61B5D76A30061AE27 /* SWAcapella.m */,
				2ECCE01F1B670FBE00F8B253 /* SWAcapellaTitlesCloneContainer.h */,
				2ECCE0201B670FBE00F8B253 /* SWAcapellaTitlesCloneContainer.m */,
				2E28F5F71B5D76A30061AE27 /* SWAcapellaTitlesClone.h */,
				2E28F5F81B5D76A30061AE27 /* SWAcapellaTitlesClone.m */,
				2E28F5F91B5D76A30061AE27 /* ViewController.h */,
				2E28F5FA1B5D76A30061AE27 /* ViewController.m */,
			);
			path = AcapellaTest;
			sourceTree = "<group>";
		};
		2E28F5FC1B5D76A30061AE27 /* Products */ = {
			isa = PBXGroup;
			children = (
				2E28F7C51B5D76A40061AE27 /* AcapellaTest.app */,
			);
			name = Products;
			sourceTree = "<group>";
		};
		2E28F60A1B5D76A30061AE27 /* layout */ = {
			isa = PBXGroup;
			children = (
				2E28F60B1B5D76A30061AE27 /* DEBIAN */,
			);
			path = layout;
			sourceTree = "<group>";
		};
		2E28F60B1B5D76A30061AE27 /* DEBIAN */ = {
			isa = PBXGroup;
			children = (
				2E28F60C1B5D76A30061AE27 /* control */,
			);
			path = DEBIAN;
			sourceTree = "<group>";
		};
		2E9C908E1A36BC0F006622A8 = {
			isa = PBXGroup;
			children = (
				2E28F4291B5D76A30061AE27 /* acapella */,
			);
			sourceTree = "<group>";
		};
/* End PBXGroup section */

/* Begin PBXProject section */
		2E9C908F1A36BC0F006622A8 /* Project object */ = {
			isa = PBXProject;
			attributes = {
				LastUpgradeCheck = 0630;
			};
			buildConfigurationList = 2E9C90921A36BC0F006622A8 /* Build configuration list for PBXProject "acapella" */;
			compatibilityVersion = "Xcode 3.2";
			developmentRegion = English;
			hasScannedForEncodings = 0;
			knownRegions = (
				en,
				Base,
			);
			mainGroup = 2E9C908E1A36BC0F006622A8;
			projectDirPath = "";
			projectReferences = (
				{
					ProductGroup = 2E28F5FC1B5D76A30061AE27 /* Products */;
					ProjectRef = 2E28F5FB1B5D76A30061AE27 /* AcapellaTest.xcodeproj */;
				},
			);
			projectRoot = "";
			targets = (
			);
		};
/* End PBXProject section */

/* Begin PBXReferenceProxy section */
		2E28F7C51B5D76A40061AE27 /* AcapellaTest.app */ = {
			isa = PBXReferenceProxy;
			fileType = wrapper.application;
			path = AcapellaTest.app;
			remoteRef = 2E28F7C41B5D76A40061AE27 /* PBXContainerItemProxy */;
			sourceTree = BUILT_PRODUCTS_DIR;
		};
/* End PBXReferenceProxy section */

/* Begin PBXVariantGroup section */
		2E28F5F01B5D76A30061AE27 /* Main.storyboard */ = {
			isa = PBXVariantGroup;
			children = (
				2E28F5F11B5D76A30061AE27 /* Base */,
			);
			name = Main.storyboard;
			sourceTree = "<group>";
		};
/* End PBXVariantGroup section */

/* Begin XCBuildConfiguration section */
		2E9C90931A36BC0F006622A8 /* Debug */ = {
			isa = XCBuildConfiguration;
			buildSettings = {
			};
			name = Debug;
		};
		2E9C90941A36BC0F006622A8 /* Release */ = {
			isa = XCBuildConfiguration;
			buildSettings = {
			};
			name = Release;
		};
/* End XCBuildConfiguration section */

/* Begin XCConfigurationList section */
		2E9C90921A36BC0F006622A8 /* Build configuration list for PBXProject "acapella" */ = {
			isa = XCConfigurationList;
			buildConfigurations = (
				2E9C90931A36BC0F006622A8 /* Debug */,
				2E9C90941A36BC0F006622A8 /* Release */,
			);
			defaultConfigurationIsVisible = 0;
			defaultConfigurationName = Release;
		};
/* End XCConfigurationList section */
	};
	rootObject = 2E9C908F1A36BC0F006622A8 /* Project object */;
}
