// !$*UTF8*$!
{
	archiveVersion = 1;
	classes = {
	};
	objectVersion = 46;
	objects = {

/* Begin PBXFileReference section */
		2E3BD8A01BD42D6700B11FFD /* acapellaprefs */ = {isa = PBXFileReference; lastKnownFileType = folder; name = acapellaprefs; path = acapella/acapellaprefs; sourceTree = "<group>"; };
		2E3BD8A21BD42D6700B11FFD /* Assets */ = {isa = PBXFileReference; lastKnownFileType = folder; name = Assets; path = acapella/Assets; sourceTree = "<group>"; };
		2E3BD8A41BD42D6700B11FFD /* final_release_debs */ = {isa = PBXFileReference; lastKnownFileType = folder; name = final_release_debs; path = acapella/final_release_debs; sourceTree = "<group>"; };
		2E3BD8A51BD42D6700B11FFD /* layout */ = {isa = PBXFileReference; lastKnownFileType = folder; name = layout; path = acapella/layout; sourceTree = "<group>"; };
		2E3BD8A61BD42D6700B11FFD /* Makefile */ = {isa = PBXFileReference; explicitFileType = sourcecode.make; name = Makefile; path = acapella/Makefile; sourceTree = "<group>"; };
		2E3BD8A71BD42D6700B11FFD /* MPUMediaControlsTitlesView.xm */ = {isa = PBXFileReference; explicitFileType = sourcecode.cpp.objcpp; name = MPUMediaControlsTitlesView.xm; path = acapella/MPUMediaControlsTitlesView.xm; sourceTree = "<group>"; };
		2E3BD8A81BD42D6700B11FFD /* MPUSystemMediaControlsViewController.xm */ = {isa = PBXFileReference; explicitFileType = sourcecode.cpp.objcpp; name = MPUSystemMediaControlsViewController.xm; path = acapella/MPUSystemMediaControlsViewController.xm; sourceTree = "<group>"; };
		2E3BD8A91BD42D6700B11FFD /* MPUTransportControlsView.xm */ = {isa = PBXFileReference; explicitFileType = sourcecode.cpp.objcpp; name = MPUTransportControlsView.xm; path = acapella/MPUTransportControlsView.xm; sourceTree = "<group>"; };
		2E3BD8AA1BD42D6700B11FFD /* MPVolumeController.xm */ = {isa = PBXFileReference; explicitFileType = sourcecode.cpp.objcpp; name = MPVolumeController.xm; path = acapella/MPVolumeController.xm; sourceTree = "<group>"; };
		2E3BD8AB1BD42D6700B11FFD /* MusicMiniPlayerViewController.xm */ = {isa = PBXFileReference; explicitFileType = sourcecode.cpp.objcpp; name = MusicMiniPlayerViewController.xm; path = acapella/MusicMiniPlayerViewController.xm; sourceTree = "<group>"; };
		2E3BD8AC1BD42D6700B11FFD /* MusicNowPlayingTitlesView.xm */ = {isa = PBXFileReference; explicitFileType = sourcecode.cpp.objcpp; name = MusicNowPlayingTitlesView.xm; path = acapella/MusicNowPlayingTitlesView.xm; sourceTree = "<group>"; };
		2E3BD8AD1BD42D6700B11FFD /* MusicNowPlayingViewController.xm */ = {isa = PBXFileReference; explicitFileType = sourcecode.cpp.objcpp; name = MusicNowPlayingViewController.xm; path = acapella/MusicNowPlayingViewController.xm; sourceTree = "<group>"; };
		2E3BD8AE1BD42D6700B11FFD /* public */ = {isa = PBXFileReference; lastKnownFileType = folder; name = public; path = acapella/public; sourceTree = "<group>"; };
		2E3BD8AF1BD42D6700B11FFD /* Resources */ = {isa = PBXFileReference; lastKnownFileType = folder; name = Resources; path = acapella/Resources; sourceTree = "<group>"; };
		2E3BD8B01BD42D6700B11FFD /* SBLockScreenView.xm */ = {isa = PBXFileReference; explicitFileType = sourcecode.cpp.objcpp; name = SBLockScreenView.xm; path = acapella/SBLockScreenView.xm; sourceTree = "<group>"; };
		2E3BD8B11BD42D6700B11FFD /* theos */ = {isa = PBXFileReference; lastKnownFileType = folder; name = theos; path = acapella/theos; sourceTree = "<group>"; };
		2E3BD8B21BD42D6700B11FFD /* Prefs.xm */ = {isa = PBXFileReference; explicitFileType = sourcecode.cpp.objcpp; name = Prefs.xm; path = acapella/Prefs.xm; sourceTree = "<group>"; };
/* End PBXFileReference section */

/* Begin PBXGroup section */
		2E9C908E1A36BC0F006622A8 = {
			isa = PBXGroup;
			children = (
				2E3BD8A01BD42D6700B11FFD /* acapellaprefs */,
				2E3BD8A21BD42D6700B11FFD /* Assets */,
				2E3BD8A41BD42D6700B11FFD /* final_release_debs */,
				2E3BD8A51BD42D6700B11FFD /* layout */,
				2E3BD8A61BD42D6700B11FFD /* Makefile */,
				2E3BD8A71BD42D6700B11FFD /* MPUMediaControlsTitlesView.xm */,
				2E3BD8A81BD42D6700B11FFD /* MPUSystemMediaControlsViewController.xm */,
				2E3BD8A91BD42D6700B11FFD /* MPUTransportControlsView.xm */,
				2E3BD8AA1BD42D6700B11FFD /* MPVolumeController.xm */,
				2E3BD8AB1BD42D6700B11FFD /* MusicMiniPlayerViewController.xm */,
				2E3BD8AC1BD42D6700B11FFD /* MusicNowPlayingTitlesView.xm */,
				2E3BD8AD1BD42D6700B11FFD /* MusicNowPlayingViewController.xm */,
				2E3BD8AE1BD42D6700B11FFD /* public */,
				2E3BD8AF1BD42D6700B11FFD /* Resources */,
				2E3BD8B01BD42D6700B11FFD /* SBLockScreenView.xm */,
				2E3BD8B11BD42D6700B11FFD /* theos */,
				2E3BD8B21BD42D6700B11FFD /* Prefs.xm */,
			);
			sourceTree = "<group>";
		};
/* End PBXGroup section */

/* Begin PBXProject section */
		2E9C908F1A36BC0F006622A8 /* Project object */ = {
			isa = PBXProject;
			attributes = {
				LastUpgradeCheck = 0700;
			};
			buildConfigurationList = 2E9C90921A36BC0F006622A8 /* Build configuration list for PBXProject "acapella" */;
			compatibilityVersion = "Xcode 3.2";
			developmentRegion = English;
			hasScannedForEncodings = 0;
			knownRegions = (
				en,
				Base,
			);
			mainGroup = 2E9C908E1A36BC0F006622A8;
			projectDirPath = "";
			projectRoot = "";
			targets = (
			);
		};
/* End PBXProject section */

/* Begin XCBuildConfiguration section */
		2E9C90931A36BC0F006622A8 /* Debug */ = {
			isa = XCBuildConfiguration;
			buildSettings = {
				ENABLE_TESTABILITY = YES;
			};
			name = Debug;
		};
		2E9C90941A36BC0F006622A8 /* Release */ = {
			isa = XCBuildConfiguration;
			buildSettings = {
			};
			name = Release;
		};
/* End XCBuildConfiguration section */

/* Begin XCConfigurationList section */
		2E9C90921A36BC0F006622A8 /* Build configuration list for PBXProject "acapella" */ = {
			isa = XCConfigurationList;
			buildConfigurations = (
				2E9C90931A36BC0F006622A8 /* Debug */,
				2E9C90941A36BC0F006622A8 /* Release */,
			);
			defaultConfigurationIsVisible = 0;
			defaultConfigurationName = Release;
		};
/* End XCConfigurationList section */
	};
	rootObject = 2E9C908F1A36BC0F006622A8 /* Project object */;
}
