// !$*UTF8*$!
{
	archiveVersion = 1;
	classes = {
	};
	objectVersion = 46;
	objects = {

/* Begin PBXFileReference section */
		2E96F84A1A374530002A9D7D /* SWAcapellaActionsHelper.xm */ = {isa = PBXFileReference; lastKnownFileType = text; path = SWAcapellaActionsHelper.xm; sourceTree = "<group>"; };
		2EBCC96C1A431ED600F01709 /* SWAcapellaPlaylistOptions.m */ = {isa = PBXFileReference; lastKnownFileType = sourcecode.c.objc; path = SWAcapellaPlaylistOptions.m; sourceTree = "<group>"; };
		2EE53EF21A36BC3B00BEED8F /* layout */ = {isa = PBXFileReference; lastKnownFileType = folder; path = layout; sourceTree = "<group>"; };
		2EE53EF31A36BC4900BEED8F /* public */ = {isa = PBXFileReference; lastKnownFileType = folder; path = public; sourceTree = "<group>"; };
		2EE53EF41A36BC4E00BEED8F /* Resources */ = {isa = PBXFileReference; lastKnownFileType = folder; path = Resources; sourceTree = "<group>"; };
		2EE53EF51A36BC5A00BEED8F /* Makefile */ = {isa = PBXFileReference; lastKnownFileType = sourcecode.make; path = Makefile; sourceTree = "<group>"; };
		2EE53EF61A36BC6000BEED8F /* Acapella.plist */ = {isa = PBXFileReference; lastKnownFileType = text.plist; path = Acapella.plist; sourceTree = "<group>"; };
		2EE53EF71A36BC6600BEED8F /* AVSystemController.xm */ = {isa = PBXFileReference; lastKnownFileType = text; path = AVSystemController.xm; sourceTree = "<group>"; };
		2EE53EF81A36BC6A00BEED8F /* SWAcapellaMusicApp.xm */ = {isa = PBXFileReference; lastKnownFileType = text; path = SWAcapellaMusicApp.xm; sourceTree = "<group>"; };
		2EE53EF91A36BC6D00BEED8F /* SWAcapellaPrefsBridge.xm */ = {isa = PBXFileReference; lastKnownFileType = text; path = SWAcapellaPrefsBridge.xm; sourceTree = "<group>"; };
		2EE53EFA1A36BC7100BEED8F /* SWAcapellaSharingFormatter.m */ = {isa = PBXFileReference; lastKnownFileType = sourcecode.c.objc; path = SWAcapellaSharingFormatter.m; sourceTree = "<group>"; };
		2EE53EFB1A36BC7500BEED8F /* SWAcapellaSpringboard.xm */ = {isa = PBXFileReference; lastKnownFileType = text; path = SWAcapellaSpringboard.xm; sourceTree = "<group>"; };
		2EE53EFC1A36BC7800BEED8F /* SWAcapellaSystemTitlesView.xm */ = {isa = PBXFileReference; lastKnownFileType = text; path = SWAcapellaSystemTitlesView.xm; sourceTree = "<group>"; };
/* End PBXFileReference section */

/* Begin PBXGroup section */
		2E9C908E1A36BC0F006622A8 = {
			isa = PBXGroup;
			children = (
				2EE53EF21A36BC3B00BEED8F /* layout */,
				2EE53EF31A36BC4900BEED8F /* public */,
				2EE53EF41A36BC4E00BEED8F /* Resources */,
				2EE53EF51A36BC5A00BEED8F /* Makefile */,
				2EE53EF61A36BC6000BEED8F /* Acapella.plist */,
				2EE53EF71A36BC6600BEED8F /* AVSystemController.xm */,
				2E96F84A1A374530002A9D7D /* SWAcapellaActionsHelper.xm */,
				2EE53EF81A36BC6A00BEED8F /* SWAcapellaMusicApp.xm */,
				2EBCC96C1A431ED600F01709 /* SWAcapellaPlaylistOptions.m */,
				2EE53EF91A36BC6D00BEED8F /* SWAcapellaPrefsBridge.xm */,
				2EE53EFA1A36BC7100BEED8F /* SWAcapellaSharingFormatter.m */,
				2EE53EFB1A36BC7500BEED8F /* SWAcapellaSpringboard.xm */,
				2EE53EFC1A36BC7800BEED8F /* SWAcapellaSystemTitlesView.xm */,
			);
			sourceTree = "<group>";
		};
/* End PBXGroup section */

/* Begin PBXProject section */
		2E9C908F1A36BC0F006622A8 /* Project object */ = {
			isa = PBXProject;
			attributes = {
				LastUpgradeCheck = 0610;
			};
			buildConfigurationList = 2E9C90921A36BC0F006622A8 /* Build configuration list for PBXProject "acapella" */;
			compatibilityVersion = "Xcode 3.2";
			developmentRegion = English;
			hasScannedForEncodings = 0;
			knownRegions = (
				en,
			);
			mainGroup = 2E9C908E1A36BC0F006622A8;
			projectDirPath = "";
			projectRoot = "";
			targets = (
			);
		};
/* End PBXProject section */

/* Begin XCBuildConfiguration section */
		2E9C90931A36BC0F006622A8 /* Debug */ = {
			isa = XCBuildConfiguration;
			buildSettings = {
			};
			name = Debug;
		};
		2E9C90941A36BC0F006622A8 /* Release */ = {
			isa = XCBuildConfiguration;
			buildSettings = {
			};
			name = Release;
		};
/* End XCBuildConfiguration section */

/* Begin XCConfigurationList section */
		2E9C90921A36BC0F006622A8 /* Build configuration list for PBXProject "acapella" */ = {
			isa = XCConfigurationList;
			buildConfigurations = (
				2E9C90931A36BC0F006622A8 /* Debug */,
				2E9C90941A36BC0F006622A8 /* Release */,
			);
			defaultConfigurationIsVisible = 0;
			defaultConfigurationName = Release;
		};
/* End XCConfigurationList section */
	};
	rootObject = 2E9C908F1A36BC0F006622A8 /* Project object */;
}
