// !$*UTF8*$!
{
	archiveVersion = 1;
	classes = {
	};
	objectVersion = 46;
	objects = {

/* Begin PBXFileReference section */
		2E75D7AA1B5B878700920EEF /* public */ = {isa = PBXFileReference; lastKnownFileType = folder; name = public; path = acapellaprefs/public; sourceTree = "<group>"; };
		2E75D7AB1B5B878700920EEF /* Resources */ = {isa = PBXFileReference; lastKnownFileType = folder; name = Resources; path = acapellaprefs/Resources; sourceTree = "<group>"; };
		2E75D7AC1B5B878700920EEF /* entry.plist */ = {isa = PBXFileReference; lastKnownFileType = text.plist; name = entry.plist; path = acapellaprefs/entry.plist; sourceTree = "<group>"; };
		2E75D7AD1B5B878700920EEF /* SWAcapellaPrefsListController.mm */ = {isa = PBXFileReference; lastKnownFileType = sourcecode.cpp.objcpp; name = SWAcapellaPrefsListController.mm; path = acapellaprefs/SWAcapellaPrefsListController.mm; sourceTree = "<group>"; };
		2E75D7AE1B5B878700920EEF /* Makefile */ = {isa = PBXFileReference; lastKnownFileType = sourcecode.make; name = Makefile; path = acapellaprefs/Makefile; sourceTree = "<group>"; };
/* End PBXFileReference section */

/* Begin PBXGroup section */
		2EE53EFD1A36BCBB00BEED8F = {
			isa = PBXGroup;
			children = (
				2E75D7AA1B5B878700920EEF /* public */,
				2E75D7AB1B5B878700920EEF /* Resources */,
				2E75D7AE1B5B878700920EEF /* Makefile */,
				2E75D7AC1B5B878700920EEF /* entry.plist */,
				2E75D7AD1B5B878700920EEF /* SWAcapellaPrefsListController.mm */,
			);
			sourceTree = "<group>";
		};
/* End PBXGroup section */

/* Begin PBXProject section */
		2EE53EFE1A36BCBB00BEED8F /* Project object */ = {
			isa = PBXProject;
			attributes = {
				LastUpgradeCheck = 0630;
			};
			buildConfigurationList = 2EE53F011A36BCBB00BEED8F /* Build configuration list for PBXProject "acapellaprefs" */;
			compatibilityVersion = "Xcode 3.2";
			developmentRegion = English;
			hasScannedForEncodings = 0;
			knownRegions = (
				en,
			);
			mainGroup = 2EE53EFD1A36BCBB00BEED8F;
			projectDirPath = "";
			projectRoot = "";
			targets = (
			);
		};
/* End PBXProject section */

/* Begin XCBuildConfiguration section */
		2EE53F021A36BCBB00BEED8F /* Debug */ = {
			isa = XCBuildConfiguration;
			buildSettings = {
			};
			name = Debug;
		};
		2EE53F031A36BCBB00BEED8F /* Release */ = {
			isa = XCBuildConfiguration;
			buildSettings = {
			};
			name = Release;
		};
/* End XCBuildConfiguration section */

/* Begin XCConfigurationList section */
		2EE53F011A36BCBB00BEED8F /* Build configuration list for PBXProject "acapellaprefs" */ = {
			isa = XCConfigurationList;
			buildConfigurations = (
				2EE53F021A36BCBB00BEED8F /* Debug */,
				2EE53F031A36BCBB00BEED8F /* Release */,
			);
			defaultConfigurationIsVisible = 0;
			defaultConfigurationName = Release;
		};
/* End XCConfigurationList section */
	};
	rootObject = 2EE53EFE1A36BCBB00BEED8F /* Project object */;
}
