// !$*UTF8*$!
{
	archiveVersion = 1;
	classes = {
	};
	objectVersion = 46;
	objects = {

/* Begin PBXFileReference section */
		2E033E641BA1253700422168 /* public */ = {isa = PBXFileReference; lastKnownFileType = folder; path = public; sourceTree = "<group>"; };
		2E14EC301B6965DC000DF542 /* SWAcapellaPSListController_Instance.mm */ = {isa = PBXFileReference; lastKnownFileType = sourcecode.cpp.objcpp; path = SWAcapellaPSListController_Instance.mm; sourceTree = "<group>"; };
		2E28F3331B726B7900172ADB /* Resources */ = {isa = PBXFileReference; lastKnownFileType = folder; path = Resources; sourceTree = "<group>"; };
		2E28F3341B7270CF00172ADB /* SWAcapellaPSListController_Gestures.mm */ = {isa = PBXFileReference; lastKnownFileType = sourcecode.cpp.objcpp; path = SWAcapellaPSListController_Gestures.mm; sourceTree = "<group>"; };
		2E28F7C71B5D77160061AE27 /* entry.plist */ = {isa = PBXFileReference; lastKnownFileType = text.plist; path = entry.plist; sourceTree = "<group>"; };
		2E28F7C81B5D77160061AE27 /* Makefile */ = {isa = PBXFileReference; lastKnownFileType = sourcecode.make; path = Makefile; sourceTree = "<group>"; };
		2E28F7EC1B5D77160061AE27 /* SWAcapellaPSListController.mm */ = {isa = PBXFileReference; lastKnownFileType = sourcecode.cpp.objcpp; path = SWAcapellaPSListController.mm; sourceTree = "<group>"; };
		2E6CF89D1B684B200046293E /* SWAcapellaPSListController_Transport.mm */ = {isa = PBXFileReference; lastKnownFileType = sourcecode.cpp.objcpp; path = SWAcapellaPSListController_Transport.mm; sourceTree = "<group>"; };
		2EAB2F4E1B73A6DA00A99E80 /* SWAcapellaPSListItemsController_Actions.mm */ = {isa = PBXFileReference; lastKnownFileType = sourcecode.cpp.objcpp; path = SWAcapellaPSListItemsController_Actions.mm; sourceTree = "<group>"; };
/* End PBXFileReference section */

/* Begin PBXGroup section */
		2E28F7C61B5D77160061AE27 /* acapellaprefs */ = {
			isa = PBXGroup;
			children = (
				2E033E641BA1253700422168 /* public */,
				2E28F7C81B5D77160061AE27 /* Makefile */,
				2E28F7C71B5D77160061AE27 /* entry.plist */,
				2E28F7EC1B5D77160061AE27 /* SWAcapellaPSListController.mm */,
				2E14EC301B6965DC000DF542 /* SWAcapellaPSListController_Instance.mm */,
				2E28F3341B7270CF00172ADB /* SWAcapellaPSListController_Gestures.mm */,
				2EAB2F4E1B73A6DA00A99E80 /* SWAcapellaPSListItemsController_Actions.mm */,
				2E6CF89D1B684B200046293E /* SWAcapellaPSListController_Transport.mm */,
				2E28F3331B726B7900172ADB /* Resources */,
			);
			path = acapellaprefs;
			sourceTree = "<group>";
		};
		2EE53EFD1A36BCBB00BEED8F = {
			isa = PBXGroup;
			children = (
				2E28F7C61B5D77160061AE27 /* acapellaprefs */,
			);
			sourceTree = "<group>";
		};
/* End PBXGroup section */

/* Begin PBXProject section */
		2EE53EFE1A36BCBB00BEED8F /* Project object */ = {
			isa = PBXProject;
			attributes = {
				LastUpgradeCheck = 0640;
			};
			buildConfigurationList = 2EE53F011A36BCBB00BEED8F /* Build configuration list for PBXProject "acapellaprefs" */;
			compatibilityVersion = "Xcode 3.2";
			developmentRegion = English;
			hasScannedForEncodings = 0;
			knownRegions = (
				en,
			);
			mainGroup = 2EE53EFD1A36BCBB00BEED8F;
			projectDirPath = "";
			projectRoot = "";
			targets = (
			);
		};
/* End PBXProject section */

/* Begin XCBuildConfiguration section */
		2EE53F031A36BCBB00BEED8F /* Release */ = {
			isa = XCBuildConfiguration;
			buildSettings = {
			};
			name = Release;
		};
/* End XCBuildConfiguration section */

/* Begin XCConfigurationList section */
		2EE53F011A36BCBB00BEED8F /* Build configuration list for PBXProject "acapellaprefs" */ = {
			isa = XCConfigurationList;
			buildConfigurations = (
				2EE53F031A36BCBB00BEED8F /* Release */,
			);
			defaultConfigurationIsVisible = 0;
			defaultConfigurationName = Release;
		};
/* End XCConfigurationList section */
	};
	rootObject = 2EE53EFE1A36BCBB00BEED8F /* Project object */;
}
