// !$*UTF8*$!
{
	archiveVersion = 1;
	classes = {
	};
	objectVersion = 46;
	objects = {

/* Begin PBXBuildFile section */
		2E1DFE651A0DC628000DCF1E /* SWAcapellaBase.h in Headers */ = {isa = PBXBuildFile; fileRef = 2E1DFE631A0DC628000DCF1E /* SWAcapellaBase.h */; settings = {ATTRIBUTES = (Public, ); }; };
		2E1DFE6E1A0EA3AD000DCF1E /* SWAcapellaTableView.h in Headers */ = {isa = PBXBuildFile; fileRef = 2E1DFE6C1A0EA3AD000DCF1E /* SWAcapellaTableView.h */; settings = {ATTRIBUTES = (Public, ); }; };
		2E1DFE6F1A0EA3AD000DCF1E /* SWAcapellaTableView.m in Sources */ = {isa = PBXBuildFile; fileRef = 2E1DFE6D1A0EA3AD000DCF1E /* SWAcapellaTableView.m */; };
		2E1DFE721A0EA3BC000DCF1E /* SWAcapellaScrollView.h in Headers */ = {isa = PBXBuildFile; fileRef = 2E1DFE701A0EA3BC000DCF1E /* SWAcapellaScrollView.h */; settings = {ATTRIBUTES = (Public, ); }; };
		2E1DFE731A0EA3BC000DCF1E /* SWAcapellaScrollView.m in Sources */ = {isa = PBXBuildFile; fileRef = 2E1DFE711A0EA3BC000DCF1E /* SWAcapellaScrollView.m */; };
		2E1DFE751A0EA5C0000DCF1E /* SWAcapellaBase.m in Sources */ = {isa = PBXBuildFile; fileRef = 2E1DFE641A0DC628000DCF1E /* SWAcapellaBase.m */; };
		2E242EF01A41D0AE00864588 /* SWAcapellaPullToRefresh.h in Headers */ = {isa = PBXBuildFile; fileRef = 2E242EEE1A41D0AE00864588 /* SWAcapellaPullToRefresh.h */; settings = {ATTRIBUTES = (Public, ); }; };
		2E242EF11A41D0AE00864588 /* SWAcapellaPullToRefresh.m in Sources */ = {isa = PBXBuildFile; fileRef = 2E242EEF1A41D0AE00864588 /* SWAcapellaPullToRefresh.m */; };
		2E242EF21A41D2E200864588 /* Main.storyboard in Resources */ = {isa = PBXBuildFile; fileRef = 2E75964219FDCCA600001BC7 /* Main.storyboard */; };
		2E75957019FD49F500001BC7 /* AcapellaKit.h in Headers */ = {isa = PBXBuildFile; fileRef = 2E75956F19FD49F500001BC7 /* AcapellaKit.h */; settings = {ATTRIBUTES = (Public, ); }; };
		2E75963E19FDCCA600001BC7 /* AppDelegate.m in Sources */ = {isa = PBXBuildFile; fileRef = 2E75963D19FDCCA600001BC7 /* AppDelegate.m */; };
		2E75964119FDCCA600001BC7 /* ViewController.m in Sources */ = {isa = PBXBuildFile; fileRef = 2E75964019FDCCA600001BC7 /* ViewController.m */; };
		2E75964619FDCCA600001BC7 /* Images.xcassets in Resources */ = {isa = PBXBuildFile; fileRef = 2E75964519FDCCA600001BC7 /* Images.xcassets */; };
		2E75966719FDCD5D00001BC7 /* main.m in Sources */ = {isa = PBXBuildFile; fileRef = 2E75966519FDCD5D00001BC7 /* main.m */; };
		2E75966B19FDCDD900001BC7 /* AcapellaKit.framework in Embed Frameworks */ = {isa = PBXBuildFile; fileRef = 2E75956A19FD49F500001BC7 /* AcapellaKit.framework */; settings = {ATTRIBUTES = (CodeSignOnCopy, RemoveHeadersOnCopy, ); }; };
		2EB46E4F1A2BF20900BE29A4 /* Foundation.framework in Frameworks */ = {isa = PBXBuildFile; fileRef = 2EB46E4E1A2BF20900BE29A4 /* Foundation.framework */; };
		2EB46E511A2BF21100BE29A4 /* CoreText.framework in Frameworks */ = {isa = PBXBuildFile; fileRef = 2EB46E501A2BF21100BE29A4 /* CoreText.framework */; };
		2ED282FC1A10671C00772295 /* SWAcapellaScrollViewProtocol.h in Headers */ = {isa = PBXBuildFile; fileRef = 2ED282FA1A10671C00772295 /* SWAcapellaScrollViewProtocol.h */; settings = {ATTRIBUTES = (Public, ); }; };
		2EDAC2F71A264EFF0006E69F /* libsluthwareios.a in Frameworks */ = {isa = PBXBuildFile; fileRef = 2E75959519FD959E00001BC7 /* libsluthwareios.a */; };
		2EDAE4E71A069CC3006274BA /* test.m in Sources */ = {isa = PBXBuildFile; fileRef = 2EDAE4E61A069CC3006274BA /* test.m */; };
/* End PBXBuildFile section */

/* Begin PBXContainerItemProxy section */
		2E75966C19FDCDD900001BC7 /* PBXContainerItemProxy */ = {
			isa = PBXContainerItemProxy;
			containerPortal = 2E75956119FD49F500001BC7 /* Project object */;
			proxyType = 1;
			remoteGlobalIDString = 2E75956919FD49F500001BC7;
			remoteInfo = AcapellaKit;
		};
/* End PBXContainerItemProxy section */

/* Begin PBXCopyFilesBuildPhase section */
		2E75966E19FDCDD900001BC7 /* Embed Frameworks */ = {
			isa = PBXCopyFilesBuildPhase;
			buildActionMask = 2147483647;
			dstPath = "";
			dstSubfolderSpec = 10;
			files = (
				2E75966B19FDCDD900001BC7 /* AcapellaKit.framework in Embed Frameworks */,
			);
			name = "Embed Frameworks";
			runOnlyForDeploymentPostprocessing = 0;
		};
/* End PBXCopyFilesBuildPhase section */

/* Begin PBXFileReference section */
		2E1DFE631A0DC628000DCF1E /* SWAcapellaBase.h */ = {isa = PBXFileReference; fileEncoding = 4; lastKnownFileType = sourcecode.c.h; path = SWAcapellaBase.h; sourceTree = "<group>"; };
		2E1DFE641A0DC628000DCF1E /* SWAcapellaBase.m */ = {isa = PBXFileReference; fileEncoding = 4; lastKnownFileType = sourcecode.c.objc; path = SWAcapellaBase.m; sourceTree = "<group>"; };
		2E1DFE6C1A0EA3AD000DCF1E /* SWAcapellaTableView.h */ = {isa = PBXFileReference; fileEncoding = 4; lastKnownFileType = sourcecode.c.h; path = SWAcapellaTableView.h; sourceTree = "<group>"; };
		2E1DFE6D1A0EA3AD000DCF1E /* SWAcapellaTableView.m */ = {isa = PBXFileReference; fileEncoding = 4; lastKnownFileType = sourcecode.c.objc; path = SWAcapellaTableView.m; sourceTree = "<group>"; };
		2E1DFE701A0EA3BC000DCF1E /* SWAcapellaScrollView.h */ = {isa = PBXFileReference; fileEncoding = 4; lastKnownFileType = sourcecode.c.h; path = SWAcapellaScrollView.h; sourceTree = "<group>"; };
		2E1DFE711A0EA3BC000DCF1E /* SWAcapellaScrollView.m */ = {isa = PBXFileReference; fileEncoding = 4; lastKnownFileType = sourcecode.c.objc; path = SWAcapellaScrollView.m; sourceTree = "<group>"; };
		2E242EEE1A41D0AE00864588 /* SWAcapellaPullToRefresh.h */ = {isa = PBXFileReference; fileEncoding = 4; lastKnownFileType = sourcecode.c.h; path = SWAcapellaPullToRefresh.h; sourceTree = "<group>"; };
		2E242EEF1A41D0AE00864588 /* SWAcapellaPullToRefresh.m */ = {isa = PBXFileReference; fileEncoding = 4; lastKnownFileType = sourcecode.c.objc; path = SWAcapellaPullToRefresh.m; sourceTree = "<group>"; };
		2E75956A19FD49F500001BC7 /* AcapellaKit.framework */ = {isa = PBXFileReference; explicitFileType = wrapper.framework; includeInIndex = 0; path = AcapellaKit.framework; sourceTree = BUILT_PRODUCTS_DIR; };
		2E75956E19FD49F500001BC7 /* Info.plist */ = {isa = PBXFileReference; lastKnownFileType = text.plist.xml; path = Info.plist; sourceTree = "<group>"; };
		2E75956F19FD49F500001BC7 /* AcapellaKit.h */ = {isa = PBXFileReference; lastKnownFileType = sourcecode.c.h; path = AcapellaKit.h; sourceTree = "<group>"; };
		2E75959519FD959E00001BC7 /* libsluthwareios.a */ = {isa = PBXFileReference; lastKnownFileType = archive.ar; name = libsluthwareios.a; path = ../../../../../../opt/theos/lib/libsluthwareios.a; sourceTree = "<group>"; };
		2E75959719FD95B500001BC7 /* sluthwareios */ = {isa = PBXFileReference; lastKnownFileType = folder; name = sluthwareios; path = ../../../../../../opt/theos/include/libsw/sluthwareios; sourceTree = "<group>"; };
		2E75963619FDCCA600001BC7 /* AcapellaTest.app */ = {isa = PBXFileReference; explicitFileType = wrapper.application; includeInIndex = 0; path = AcapellaTest.app; sourceTree = BUILT_PRODUCTS_DIR; };
		2E75963C19FDCCA600001BC7 /* AppDelegate.h */ = {isa = PBXFileReference; lastKnownFileType = sourcecode.c.h; path = AppDelegate.h; sourceTree = "<group>"; };
		2E75963D19FDCCA600001BC7 /* AppDelegate.m */ = {isa = PBXFileReference; lastKnownFileType = sourcecode.c.objc; path = AppDelegate.m; sourceTree = "<group>"; };
		2E75963F19FDCCA600001BC7 /* ViewController.h */ = {isa = PBXFileReference; lastKnownFileType = sourcecode.c.h; path = ViewController.h; sourceTree = "<group>"; };
		2E75964019FDCCA600001BC7 /* ViewController.m */ = {isa = PBXFileReference; lastKnownFileType = sourcecode.c.objc; path = ViewController.m; sourceTree = "<group>"; };
		2E75964319FDCCA600001BC7 /* Base */ = {isa = PBXFileReference; lastKnownFileType = file.storyboard; name = Base; path = Base.lproj/Main.storyboard; sourceTree = "<group>"; };
		2E75964519FDCCA600001BC7 /* Images.xcassets */ = {isa = PBXFileReference; lastKnownFileType = folder.assetcatalog; path = Images.xcassets; sourceTree = "<group>"; };
		2E75966419FDCD5D00001BC7 /* Info.plist */ = {isa = PBXFileReference; fileEncoding = 4; lastKnownFileType = text.plist.xml; path = Info.plist; sourceTree = "<group>"; };
		2E75966519FDCD5D00001BC7 /* main.m */ = {isa = PBXFileReference; fileEncoding = 4; lastKnownFileType = sourcecode.c.objc; path = main.m; sourceTree = "<group>"; };
		2EB46E4E1A2BF20900BE29A4 /* Foundation.framework */ = {isa = PBXFileReference; lastKnownFileType = wrapper.framework; name = Foundation.framework; path = System/Library/Frameworks/Foundation.framework; sourceTree = SDKROOT; };
		2EB46E501A2BF21100BE29A4 /* CoreText.framework */ = {isa = PBXFileReference; lastKnownFileType = wrapper.framework; name = CoreText.framework; path = System/Library/Frameworks/CoreText.framework; sourceTree = SDKROOT; };
		2ED282FA1A10671C00772295 /* SWAcapellaScrollViewProtocol.h */ = {isa = PBXFileReference; fileEncoding = 4; lastKnownFileType = sourcecode.c.h; path = SWAcapellaScrollViewProtocol.h; sourceTree = "<group>"; };
		2EDAE4E51A069CC3006274BA /* test.h */ = {isa = PBXFileReference; fileEncoding = 4; lastKnownFileType = sourcecode.c.h; path = test.h; sourceTree = "<group>"; };
		2EDAE4E61A069CC3006274BA /* test.m */ = {isa = PBXFileReference; fileEncoding = 4; lastKnownFileType = sourcecode.c.objc; path = test.m; sourceTree = "<group>"; };
/* End PBXFileReference section */

/* Begin PBXFrameworksBuildPhase section */
		2E75956619FD49F500001BC7 /* Frameworks */ = {
			isa = PBXFrameworksBuildPhase;
			buildActionMask = 2147483647;
			files = (
			);
			runOnlyForDeploymentPostprocessing = 0;
		};
		2E75963319FDCCA600001BC7 /* Frameworks */ = {
			isa = PBXFrameworksBuildPhase;
			buildActionMask = 2147483647;
			files = (
				2EB46E511A2BF21100BE29A4 /* CoreText.framework in Frameworks */,
				2EB46E4F1A2BF20900BE29A4 /* Foundation.framework in Frameworks */,
				2EDAC2F71A264EFF0006E69F /* libsluthwareios.a in Frameworks */,
			);
			runOnlyForDeploymentPostprocessing = 0;
		};
/* End PBXFrameworksBuildPhase section */

/* Begin PBXGroup section */
		2E75956019FD49F500001BC7 = {
			isa = PBXGroup;
			children = (
				2E75956C19FD49F500001BC7 /* AcapellaKit */,
				2E75963719FDCCA600001BC7 /* AcapellaTest */,
				2E75959419FD958600001BC7 /* Frameworks */,
				2E75956B19FD49F500001BC7 /* Products */,
			);
			sourceTree = "<group>";
		};
		2E75956B19FD49F500001BC7 /* Products */ = {
			isa = PBXGroup;
			children = (
				2E75956A19FD49F500001BC7 /* AcapellaKit.framework */,
				2E75963619FDCCA600001BC7 /* AcapellaTest.app */,
			);
			name = Products;
			sourceTree = "<group>";
		};
		2E75956C19FD49F500001BC7 /* AcapellaKit */ = {
			isa = PBXGroup;
			children = (
				2E75956F19FD49F500001BC7 /* AcapellaKit.h */,
				2E1DFE631A0DC628000DCF1E /* SWAcapellaBase.h */,
				2E1DFE641A0DC628000DCF1E /* SWAcapellaBase.m */,
				2ED282FA1A10671C00772295 /* SWAcapellaScrollViewProtocol.h */,
				2E1DFE6C1A0EA3AD000DCF1E /* SWAcapellaTableView.h */,
				2E1DFE6D1A0EA3AD000DCF1E /* SWAcapellaTableView.m */,
				2E1DFE701A0EA3BC000DCF1E /* SWAcapellaScrollView.h */,
				2E1DFE711A0EA3BC000DCF1E /* SWAcapellaScrollView.m */,
				2E242EEE1A41D0AE00864588 /* SWAcapellaPullToRefresh.h */,
				2E242EEF1A41D0AE00864588 /* SWAcapellaPullToRefresh.m */,
				2E75956D19FD49F500001BC7 /* Supporting Files */,
			);
			path = AcapellaKit;
			sourceTree = "<group>";
		};
		2E75956D19FD49F500001BC7 /* Supporting Files */ = {
			isa = PBXGroup;
			children = (
				2E75956E19FD49F500001BC7 /* Info.plist */,
			);
			name = "Supporting Files";
			sourceTree = "<group>";
		};
		2E75959419FD958600001BC7 /* Frameworks */ = {
			isa = PBXGroup;
			children = (
				2EB46E501A2BF21100BE29A4 /* CoreText.framework */,
				2EB46E4E1A2BF20900BE29A4 /* Foundation.framework */,
				2E75959719FD95B500001BC7 /* sluthwareios */,
				2E75959519FD959E00001BC7 /* libsluthwareios.a */,
			);
			name = Frameworks;
			sourceTree = "<group>";
		};
		2E75963719FDCCA600001BC7 /* AcapellaTest */ = {
			isa = PBXGroup;
			children = (
				2E75963C19FDCCA600001BC7 /* AppDelegate.h */,
				2E75963D19FDCCA600001BC7 /* AppDelegate.m */,
				2E75963F19FDCCA600001BC7 /* ViewController.h */,
				2E75964019FDCCA600001BC7 /* ViewController.m */,
				2E75964219FDCCA600001BC7 /* Main.storyboard */,
				2E75964519FDCCA600001BC7 /* Images.xcassets */,
				2E75963819FDCCA600001BC7 /* Supporting Files */,
				2EDAE4E51A069CC3006274BA /* test.h */,
				2EDAE4E61A069CC3006274BA /* test.m */,
			);
			path = AcapellaTest;
			sourceTree = "<group>";
		};
		2E75963819FDCCA600001BC7 /* Supporting Files */ = {
			isa = PBXGroup;
			children = (
				2E75966419FDCD5D00001BC7 /* Info.plist */,
				2E75966519FDCD5D00001BC7 /* main.m */,
			);
			name = "Supporting Files";
			sourceTree = "<group>";
		};
/* End PBXGroup section */

/* Begin PBXHeadersBuildPhase section */
		2E75956719FD49F500001BC7 /* Headers */ = {
			isa = PBXHeadersBuildPhase;
			buildActionMask = 2147483647;
			files = (
				2E75957019FD49F500001BC7 /* AcapellaKit.h in Headers */,
				2E1DFE651A0DC628000DCF1E /* SWAcapellaBase.h in Headers */,
				2ED282FC1A10671C00772295 /* SWAcapellaScrollViewProtocol.h in Headers */,
				2E1DFE6E1A0EA3AD000DCF1E /* SWAcapellaTableView.h in Headers */,
				2E1DFE721A0EA3BC000DCF1E /* SWAcapellaScrollView.h in Headers */,
				2E242EF01A41D0AE00864588 /* SWAcapellaPullToRefresh.h in Headers */,
			);
			runOnlyForDeploymentPostprocessing = 0;
		};
/* End PBXHeadersBuildPhase section */

/* Begin PBXNativeTarget section */
		2E75956919FD49F500001BC7 /* AcapellaKit */ = {
			isa = PBXNativeTarget;
			buildConfigurationList = 2E75958019FD49F500001BC7 /* Build configuration list for PBXNativeTarget "AcapellaKit" */;
			buildPhases = (
				2E75956519FD49F500001BC7 /* Sources */,
				2E75956619FD49F500001BC7 /* Frameworks */,
				2E75956719FD49F500001BC7 /* Headers */,
				2E75956819FD49F500001BC7 /* Resources */,
			);
			buildRules = (
			);
			dependencies = (
			);
			name = AcapellaKit;
			productName = AcapellaKit;
			productReference = 2E75956A19FD49F500001BC7 /* AcapellaKit.framework */;
			productType = "com.apple.product-type.framework";
		};
		2E75963519FDCCA600001BC7 /* AcapellaTest */ = {
			isa = PBXNativeTarget;
			buildConfigurationList = 2E75965619FDCCA600001BC7 /* Build configuration list for PBXNativeTarget "AcapellaTest" */;
			buildPhases = (
				2E75963219FDCCA600001BC7 /* Sources */,
				2E75963319FDCCA600001BC7 /* Frameworks */,
				2E75963419FDCCA600001BC7 /* Resources */,
				2E75966E19FDCDD900001BC7 /* Embed Frameworks */,
			);
			buildRules = (
			);
			dependencies = (
				2E75966D19FDCDD900001BC7 /* PBXTargetDependency */,
			);
			name = AcapellaTest;
			productName = AcapellaTest;
			productReference = 2E75963619FDCCA600001BC7 /* AcapellaTest.app */;
			productType = "com.apple.product-type.application";
		};
/* End PBXNativeTarget section */

/* Begin PBXProject section */
		2E75956119FD49F500001BC7 /* Project object */ = {
			isa = PBXProject;
			attributes = {
				LastUpgradeCheck = 0610;
				ORGANIZATIONNAME = "Pat Sluth";
				TargetAttributes = {
					2E75956919FD49F500001BC7 = {
						CreatedOnToolsVersion = 6.1;
						DevelopmentTeam = KZ3284WPA2;
					};
					2E75963519FDCCA600001BC7 = {
						CreatedOnToolsVersion = 6.1;
						DevelopmentTeam = KZ3284WPA2;
					};
				};
			};
			buildConfigurationList = 2E75956419FD49F500001BC7 /* Build configuration list for PBXProject "AcapellaKit" */;
			compatibilityVersion = "Xcode 3.2";
			developmentRegion = English;
			hasScannedForEncodings = 0;
			knownRegions = (
				en,
				Base,
			);
			mainGroup = 2E75956019FD49F500001BC7;
			productRefGroup = 2E75956B19FD49F500001BC7 /* Products */;
			projectDirPath = "";
			projectRoot = "";
			targets = (
				2E75956919FD49F500001BC7 /* AcapellaKit */,
				2E75963519FDCCA600001BC7 /* AcapellaTest */,
			);
		};
/* End PBXProject section */

/* Begin PBXResourcesBuildPhase section */
		2E75956819FD49F500001BC7 /* Resources */ = {
			isa = PBXResourcesBuildPhase;
			buildActionMask = 2147483647;
			files = (
			);
			runOnlyForDeploymentPostprocessing = 0;
		};
		2E75963419FDCCA600001BC7 /* Resources */ = {
			isa = PBXResourcesBuildPhase;
			buildActionMask = 2147483647;
			files = (
				2E75964619FDCCA600001BC7 /* Images.xcassets in Resources */,
				2E242EF21A41D2E200864588 /* Main.storyboard in Resources */,
			);
			runOnlyForDeploymentPostprocessing = 0;
		};
/* End PBXResourcesBuildPhase section */

/* Begin PBXSourcesBuildPhase section */
		2E75956519FD49F500001BC7 /* Sources */ = {
			isa = PBXSourcesBuildPhase;
			buildActionMask = 2147483647;
			files = (
				2E1DFE751A0EA5C0000DCF1E /* SWAcapellaBase.m in Sources */,
				2E1DFE6F1A0EA3AD000DCF1E /* SWAcapellaTableView.m in Sources */,
				2E1DFE731A0EA3BC000DCF1E /* SWAcapellaScrollView.m in Sources */,
				2E242EF11A41D0AE00864588 /* SWAcapellaPullToRefresh.m in Sources */,
			);
			runOnlyForDeploymentPostprocessing = 0;
		};
		2E75963219FDCCA600001BC7 /* Sources */ = {
			isa = PBXSourcesBuildPhase;
			buildActionMask = 2147483647;
			files = (
				2E75964119FDCCA600001BC7 /* ViewController.m in Sources */,
				2EDAE4E71A069CC3006274BA /* test.m in Sources */,
				2E75966719FDCD5D00001BC7 /* main.m in Sources */,
				2E75963E19FDCCA600001BC7 /* AppDelegate.m in Sources */,
			);
			runOnlyForDeploymentPostprocessing = 0;
		};
/* End PBXSourcesBuildPhase section */

/* Begin PBXTargetDependency section */
		2E75966D19FDCDD900001BC7 /* PBXTargetDependency */ = {
			isa = PBXTargetDependency;
			target = 2E75956919FD49F500001BC7 /* AcapellaKit */;
			targetProxy = 2E75966C19FDCDD900001BC7 /* PBXContainerItemProxy */;
		};
/* End PBXTargetDependency section */

/* Begin PBXVariantGroup section */
		2E75964219FDCCA600001BC7 /* Main.storyboard */ = {
			isa = PBXVariantGroup;
			children = (
				2E75964319FDCCA600001BC7 /* Base */,
			);
			name = Main.storyboard;
			sourceTree = "<group>";
		};
/* End PBXVariantGroup section */

/* Begin XCBuildConfiguration section */
		2E75957E19FD49F500001BC7 /* Debug */ = {
			isa = XCBuildConfiguration;
			buildSettings = {
				ALWAYS_SEARCH_USER_PATHS = NO;
				ARCHS = (
					"$(ARCHS_STANDARD)",
					armv7s,
				);
				CLANG_CXX_LANGUAGE_STANDARD = "gnu++0x";
				CLANG_CXX_LIBRARY = "libc++";
				CLANG_ENABLE_MODULES = YES;
				CLANG_ENABLE_OBJC_ARC = YES;
				CLANG_WARN_BOOL_CONVERSION = YES;
				CLANG_WARN_CONSTANT_CONVERSION = YES;
				CLANG_WARN_DIRECT_OBJC_ISA_USAGE = YES_ERROR;
				CLANG_WARN_EMPTY_BODY = YES;
				CLANG_WARN_ENUM_CONVERSION = YES;
				CLANG_WARN_INT_CONVERSION = YES;
				CLANG_WARN_OBJC_ROOT_CLASS = YES_ERROR;
				CLANG_WARN_UNREACHABLE_CODE = YES;
				CLANG_WARN__DUPLICATE_METHOD_MATCH = YES;
				"CODE_SIGN_IDENTITY[sdk=iphoneos*]" = "iPhone Developer";
				COPY_PHASE_STRIP = NO;
				CURRENT_PROJECT_VERSION = 1;
				ENABLE_STRICT_OBJC_MSGSEND = YES;
				GCC_C_LANGUAGE_STANDARD = gnu99;
				GCC_DYNAMIC_NO_PIC = NO;
				GCC_OPTIMIZATION_LEVEL = 0;
				GCC_PREPROCESSOR_DEFINITIONS = (
					"DEBUG=1",
					"$(inherited)",
				);
				GCC_SYMBOLS_PRIVATE_EXTERN = NO;
				GCC_TREAT_IMPLICIT_FUNCTION_DECLARATIONS_AS_ERRORS = YES;
				GCC_WARN_64_TO_32_BIT_CONVERSION = YES;
				GCC_WARN_ABOUT_RETURN_TYPE = YES_ERROR;
				GCC_WARN_ALLOW_INCOMPLETE_PROTOCOL = NO;
				GCC_WARN_UNDECLARED_SELECTOR = NO;
				GCC_WARN_UNINITIALIZED_AUTOS = YES_AGGRESSIVE;
				GCC_WARN_UNUSED_FUNCTION = YES;
				GCC_WARN_UNUSED_VARIABLE = YES;
				IPHONEOS_DEPLOYMENT_TARGET = 7.0;
				LIBRARY_SEARCH_PATHS = /opt/theos/lib;
				MTL_ENABLE_DEBUG_INFO = YES;
				ONLY_ACTIVE_ARCH = NO;
				OTHER_LDFLAGS = (
					"$(OTHER_LDFLAGS)",
					"-ObjC",
				);
				SDKROOT = iphoneos;
				STRIP_INSTALLED_PRODUCT = NO;
				STRIP_STYLE = all;
				TARGETED_DEVICE_FAMILY = "1,2";
				USER_HEADER_SEARCH_PATHS = /opt/theos/include/;
				VERSIONING_SYSTEM = "apple-generic";
				VERSION_INFO_PREFIX = "";
			};
			name = Debug;
		};
		2E75957F19FD49F500001BC7 /* Release */ = {
			isa = XCBuildConfiguration;
			buildSettings = {
				ALWAYS_SEARCH_USER_PATHS = NO;
				ARCHS = (
					"$(ARCHS_STANDARD)",
					armv7s,
				);
				CLANG_CXX_LANGUAGE_STANDARD = "gnu++0x";
				CLANG_CXX_LIBRARY = "libc++";
				CLANG_ENABLE_MODULES = YES;
				CLANG_ENABLE_OBJC_ARC = YES;
				CLANG_WARN_BOOL_CONVERSION = YES;
				CLANG_WARN_CONSTANT_CONVERSION = YES;
				CLANG_WARN_DIRECT_OBJC_ISA_USAGE = YES_ERROR;
				CLANG_WARN_EMPTY_BODY = YES;
				CLANG_WARN_ENUM_CONVERSION = YES;
				CLANG_WARN_INT_CONVERSION = YES;
				CLANG_WARN_OBJC_ROOT_CLASS = YES_ERROR;
				CLANG_WARN_UNREACHABLE_CODE = YES;
				CLANG_WARN__DUPLICATE_METHOD_MATCH = YES;
				"CODE_SIGN_IDENTITY[sdk=iphoneos*]" = "iPhone Developer";
				COPY_PHASE_STRIP = NO;
				CURRENT_PROJECT_VERSION = 1;
				ENABLE_NS_ASSERTIONS = NO;
				ENABLE_STRICT_OBJC_MSGSEND = YES;
				GCC_C_LANGUAGE_STANDARD = gnu99;
				GCC_TREAT_IMPLICIT_FUNCTION_DECLARATIONS_AS_ERRORS = YES;
				GCC_WARN_64_TO_32_BIT_CONVERSION = YES;
				GCC_WARN_ABOUT_RETURN_TYPE = YES_ERROR;
				GCC_WARN_ALLOW_INCOMPLETE_PROTOCOL = NO;
				GCC_WARN_UNDECLARED_SELECTOR = NO;
				GCC_WARN_UNINITIALIZED_AUTOS = YES_AGGRESSIVE;
				GCC_WARN_UNUSED_FUNCTION = YES;
				GCC_WARN_UNUSED_VARIABLE = YES;
				IPHONEOS_DEPLOYMENT_TARGET = 7.0;
				LIBRARY_SEARCH_PATHS = /opt/theos/lib;
				MTL_ENABLE_DEBUG_INFO = NO;
				ONLY_ACTIVE_ARCH = NO;
				OTHER_LDFLAGS = (
					"$(OTHER_LDFLAGS)",
					"-ObjC",
				);
				SDKROOT = iphoneos;
				STRIP_INSTALLED_PRODUCT = NO;
				STRIP_STYLE = all;
				TARGETED_DEVICE_FAMILY = "1,2";
				USER_HEADER_SEARCH_PATHS = /opt/theos/include/;
				VALIDATE_PRODUCT = YES;
				VERSIONING_SYSTEM = "apple-generic";
				VERSION_INFO_PREFIX = "";
			};
			name = Release;
		};
		2E75958119FD49F500001BC7 /* Debug */ = {
			isa = XCBuildConfiguration;
			buildSettings = {
				ALWAYS_SEARCH_USER_PATHS = YES;
				CLANG_ALLOW_NON_MODULAR_INCLUDES_IN_FRAMEWORK_MODULES = YES;
				CODE_SIGN_IDENTITY = "iPhone Developer";
				"CODE_SIGN_IDENTITY[sdk=iphoneos*]" = "iPhone Developer";
				DEFINES_MODULE = YES;
				DYLIB_COMPATIBILITY_VERSION = 1;
				DYLIB_CURRENT_VERSION = 1;
				DYLIB_INSTALL_NAME_BASE = "@rpath";
				FRAMEWORK_SEARCH_PATHS = "$(inherited)";
				GCC_TREAT_IMPLICIT_FUNCTION_DECLARATIONS_AS_ERRORS = YES;
				GCC_WARN_ALLOW_INCOMPLETE_PROTOCOL = NO;
				GCC_WARN_UNDECLARED_SELECTOR = NO;
				INFOPLIST_FILE = AcapellaKit/Info.plist;
				INSTALL_PATH = "$(LOCAL_LIBRARY_DIR)/Frameworks";
				IPHONEOS_DEPLOYMENT_TARGET = 7.0;
				LD_RUNPATH_SEARCH_PATHS = "$(inherited) @executable_path/Frameworks @loader_path/Frameworks";
				LIBRARY_SEARCH_PATHS = (
					"$(inherited)",
					/opt/theos/lib,
				);
				PRODUCT_NAME = "$(TARGET_NAME)";
				PROVISIONING_PROFILE = "";
				SKIP_INSTALL = YES;
				USER_HEADER_SEARCH_PATHS = /opt/theos/include/;
			};
			name = Debug;
		};
		2E75958219FD49F500001BC7 /* Release */ = {
			isa = XCBuildConfiguration;
			buildSettings = {
				ALWAYS_SEARCH_USER_PATHS = YES;
				CLANG_ALLOW_NON_MODULAR_INCLUDES_IN_FRAMEWORK_MODULES = YES;
				CODE_SIGN_IDENTITY = "iPhone Developer";
				"CODE_SIGN_IDENTITY[sdk=iphoneos*]" = "iPhone Developer";
				DEFINES_MODULE = YES;
				DYLIB_COMPATIBILITY_VERSION = 1;
				DYLIB_CURRENT_VERSION = 1;
				DYLIB_INSTALL_NAME_BASE = "@rpath";
				FRAMEWORK_SEARCH_PATHS = "$(inherited)";
				GCC_TREAT_IMPLICIT_FUNCTION_DECLARATIONS_AS_ERRORS = YES;
				GCC_WARN_ALLOW_INCOMPLETE_PROTOCOL = NO;
				GCC_WARN_UNDECLARED_SELECTOR = NO;
				INFOPLIST_FILE = AcapellaKit/Info.plist;
				INSTALL_PATH = "$(LOCAL_LIBRARY_DIR)/Frameworks";
				IPHONEOS_DEPLOYMENT_TARGET = 7.0;
				LD_RUNPATH_SEARCH_PATHS = "$(inherited) @executable_path/Frameworks @loader_path/Frameworks";
				LIBRARY_SEARCH_PATHS = (
					"$(inherited)",
					/opt/theos/lib,
				);
				PRODUCT_NAME = "$(TARGET_NAME)";
				PROVISIONING_PROFILE = "";
				SKIP_INSTALL = YES;
				USER_HEADER_SEARCH_PATHS = /opt/theos/include/;
			};
			name = Release;
		};
		2E75965719FDCCA600001BC7 /* Debug */ = {
			isa = XCBuildConfiguration;
			buildSettings = {
				ASSETCATALOG_COMPILER_APPICON_NAME = AppIcon;
				ASSETCATALOG_COMPILER_LAUNCHIMAGE_NAME = LaunchImage;
				CLANG_ALLOW_NON_MODULAR_INCLUDES_IN_FRAMEWORK_MODULES = YES;
				GCC_PREPROCESSOR_DEFINITIONS = (
					"DEBUG=1",
					"$(inherited)",
				);
				GCC_TREAT_WARNINGS_AS_ERRORS = NO;
				GCC_WARN_ALLOW_INCOMPLETE_PROTOCOL = NO;
				GCC_WARN_INHIBIT_ALL_WARNINGS = NO;
				GCC_WARN_PEDANTIC = NO;
				INFOPLIST_FILE = AcapellaTest/Info.plist;
				IPHONEOS_DEPLOYMENT_TARGET = 7.0;
				LD_RUNPATH_SEARCH_PATHS = "$(inherited) @executable_path/Frameworks";
				LIBRARY_SEARCH_PATHS = (
					"$(inherited)",
					/opt/theos/lib,
				);
				ONLY_ACTIVE_ARCH = NO;
				OTHER_LDFLAGS = "-ObjC";
				PRODUCT_NAME = "$(TARGET_NAME)";
				USER_HEADER_SEARCH_PATHS = /opt/theos/include/;
			};
			name = Debug;
		};
		2E75965819FDCCA600001BC7 /* Release */ = {
			isa = XCBuildConfiguration;
			buildSettings = {
				ASSETCATALOG_COMPILER_APPICON_NAME = AppIcon;
				ASSETCATALOG_COMPILER_LAUNCHIMAGE_NAME = LaunchImage;
				CLANG_ALLOW_NON_MODULAR_INCLUDES_IN_FRAMEWORK_MODULES = YES;
				COPY_PHASE_STRIP = YES;
				GCC_TREAT_WARNINGS_AS_ERRORS = NO;
				GCC_WARN_ALLOW_INCOMPLETE_PROTOCOL = NO;
				GCC_WARN_INHIBIT_ALL_WARNINGS = NO;
				GCC_WARN_PEDANTIC = NO;
				INFOPLIST_FILE = AcapellaTest/Info.plist;
				IPHONEOS_DEPLOYMENT_TARGET = 7.0;
				LD_RUNPATH_SEARCH_PATHS = "$(inherited) @executable_path/Frameworks";
				LIBRARY_SEARCH_PATHS = (
					"$(inherited)",
					/opt/theos/lib,
				);
				ONLY_ACTIVE_ARCH = NO;
				OTHER_LDFLAGS = "-ObjC";
				PRODUCT_NAME = "$(TARGET_NAME)";
				USER_HEADER_SEARCH_PATHS = /opt/theos/include/;
			};
			name = Release;
		};
/* End XCBuildConfiguration section */

/* Begin XCConfigurationList section */
		2E75956419FD49F500001BC7 /* Build configuration list for PBXProject "AcapellaKit" */ = {
			isa = XCConfigurationList;
			buildConfigurations = (
				2E75957E19FD49F500001BC7 /* Debug */,
				2E75957F19FD49F500001BC7 /* Release */,
			);
			defaultConfigurationIsVisible = 0;
			defaultConfigurationName = Release;
		};
		2E75958019FD49F500001BC7 /* Build configuration list for PBXNativeTarget "AcapellaKit" */ = {
			isa = XCConfigurationList;
			buildConfigurations = (
				2E75958119FD49F500001BC7 /* Debug */,
				2E75958219FD49F500001BC7 /* Release */,
			);
			defaultConfigurationIsVisible = 0;
			defaultConfigurationName = Release;
		};
		2E75965619FDCCA600001BC7 /* Build configuration list for PBXNativeTarget "AcapellaTest" */ = {
			isa = XCConfigurationList;
			buildConfigurations = (
				2E75965719FDCCA600001BC7 /* Debug */,
				2E75965819FDCCA600001BC7 /* Release */,
			);
			defaultConfigurationIsVisible = 0;
			defaultConfigurationName = Release;
		};
/* End XCConfigurationList section */
	};
	rootObject = 2E75956119FD49F500001BC7 /* Project object */;
}
